{
  "name": "dwm",
  "lockfileVersion": 2,
  "requires": true,
  "packages": {
    "": {
      "dependencies": {
        "@material-design-icons/font": "^0.12.0"
      }
    },
    "node_modules/@material-design-icons/font": {
      "version": "0.12.0",
      "resolved": "https://registry.npmjs.org/@material-design-icons/font/-/font-0.12.0.tgz",
      "integrity": "sha512-mDmz2AfF8TiFt5ewNdn+zLBxCDfGkgdMvUoYcjrYs9WegHRhphGhy74UPAz+2TPPpeZU0mdEQ8mFTZUS9t+/Qg=="
    }
  },
  "dependencies": {
    "@material-design-icons/font": {
      "version": "0.12.0",
      "resolved": "https://registry.npmjs.org/@material-design-icons/font/-/font-0.12.0.tgz",
      "integrity": "sha512-mDmz2AfF8TiFt5ewNdn+zLBxCDfGkgdMvUoYcjrYs9WegHRhphGhy74UPAz+2TPPpeZU0mdEQ8mFTZUS9t+/Qg=="
    }
  }
}
